
Microsoft Visual Studio Solution File, Format Version 12.00
# Visual Studio 15
VisualStudioVersion = 15.0.28307.168
MinimumVisualStudioVersion = 10.0.40219.1
Project("{FAE04EC0-301F-11D3-BF4B-00C04F79EFBC}") = "DUT_Practical_Work_1", "DUT_Practical_Work_1\DUT_Practical_Work_1.csproj", "{C0A496FA-81FF-41C1-9EDC-6A748BEE04E1}"
EndProject
Project("{FAE04EC0-301F-11D3-BF4B-00C04F79EFBC}") = "DUT_Practical_Work_2", "DUT_Practical_Work_2\DUT_Practical_Work_2.csproj", "{2C7C8D38-02AE-4AE6-94D1-981D4EB400D5}"
EndProject
Project("{FAE04EC0-301F-11D3-BF4B-00C04F79EFBC}") = "DUT_Practical_Work_3", "DUT_Practical_Work_3\DUT_Practical_Work_3.csproj", "{AB127CCE-8571-4A5E-9BF5-1D5CCD033EDF}"
EndProject
Project("{FAE04EC0-301F-11D3-BF4B-00C04F79EFBC}") = "DUT_Practical_Work_4", "DUT_Practical_Work_4\DUT_Practical_Work_4.csproj", "{A9B70BB8-DE76-4E4D-9AB5-CDF5D42F43EC}"
EndProject
Global
	GlobalSection(SolutionConfigurationPlatforms) = preSolution
		Debug|Any CPU = Debug|Any CPU
		Release|Any CPU = Release|Any CPU
	EndGlobalSection
	GlobalSection(ProjectConfigurationPlatforms) = postSolution
		{C0A496FA-81FF-41C1-9EDC-6A748BEE04E1}.Debug|Any CPU.ActiveCfg = Debug|Any CPU
		{C0A496FA-81FF-41C1-9EDC-6A748BEE04E1}.Debug|Any CPU.Build.0 = Debug|Any CPU
		{C0A496FA-81FF-41C1-9EDC-6A748BEE04E1}.Release|Any CPU.ActiveCfg = Release|Any CPU
		{C0A496FA-81FF-41C1-9EDC-6A748BEE04E1}.Release|Any CPU.Build.0 = Release|Any CPU
		{2C7C8D38-02AE-4AE6-94D1-981D4EB400D5}.Debug|Any CPU.ActiveCfg = Debug|Any CPU
		{2C7C8D38-02AE-4AE6-94D1-981D4EB400D5}.Debug|Any CPU.Build.0 = Debug|Any CPU
		{2C7C8D38-02AE-4AE6-94D1-981D4EB400D5}.Release|Any CPU.ActiveCfg = Release|Any CPU
		{2C7C8D38-02AE-4AE6-94D1-981D4EB400D5}.Release|Any CPU.Build.0 = Release|Any CPU
		{AB127CCE-8571-4A5E-9BF5-1D5CCD033EDF}.Debug|Any CPU.ActiveCfg = Debug|Any CPU
		{AB127CCE-8571-4A5E-9BF5-1D5CCD033EDF}.Debug|Any CPU.Build.0 = Debug|Any CPU
		{AB127CCE-8571-4A5E-9BF5-1D5CCD033EDF}.Release|Any CPU.ActiveCfg = Release|Any CPU
		{AB127CCE-8571-4A5E-9BF5-1D5CCD033EDF}.Release|Any CPU.Build.0 = Release|Any CPU
		{A9B70BB8-DE76-4E4D-9AB5-CDF5D42F43EC}.Debug|Any CPU.ActiveCfg = Debug|Any CPU
		{A9B70BB8-DE76-4E4D-9AB5-CDF5D42F43EC}.Debug|Any CPU.Build.0 = Debug|Any CPU
		{A9B70BB8-DE76-4E4D-9AB5-CDF5D42F43EC}.Release|Any CPU.ActiveCfg = Release|Any CPU
		{A9B70BB8-DE76-4E4D-9AB5-CDF5D42F43EC}.Release|Any CPU.Build.0 = Release|Any CPU
	EndGlobalSection
	GlobalSection(SolutionProperties) = preSolution
		HideSolutionNode = FALSE
	EndGlobalSection
	GlobalSection(ExtensibilityGlobals) = postSolution
		SolutionGuid = {995FA825-6457-4FE3-A2FC-15C334AF1BA5}
	EndGlobalSection
EndGlobal
